
Microsoft Visual Studio Solution File, Format Version 12.00
# Visual Studio Version 16
VisualStudioVersion = 16.0.29509.3
MinimumVisualStudioVersion = 10.0.40219.1
Project("{9A19103F-16F7-4668-BE54-9A1E7A4F7556}") = "RentalAPI", "RentalAPI.csproj", "{2E426151-8AAA-42F7-8800-EB27DBD1A1B6}"
EndProject
Global
	GlobalSection(SolutionConfigurationPlatforms) = preSolution
		Debug|Any CPU = Debug|Any CPU
		Release|Any CPU = Release|Any CPU
	EndGlobalSection
	GlobalSection(ProjectConfigurationPlatforms) = postSolution
		{2E426151-8AAA-42F7-8800-EB27DBD1A1B6}.Debug|Any CPU.ActiveCfg = Debug|Any CPU
		{2E426151-8AAA-42F7-8800-EB27DBD1A1B6}.Debug|Any CPU.Build.0 = Debug|Any CPU
		{2E426151-8AAA-42F7-8800-EB27DBD1A1B6}.Release|Any CPU.ActiveCfg = Release|Any CPU
		{2E426151-8AAA-42F7-8800-EB27DBD1A1B6}.Release|Any CPU.Build.0 = Release|Any CPU
	EndGlobalSection
	GlobalSection(SolutionProperties) = preSolution
		HideSolutionNode = FALSE
	EndGlobalSection
	GlobalSection(ExtensibilityGlobals) = postSolution
		SolutionGuid = {16E9FD35-2D2D-4AA7-85D4-0420BF7351BE}
	EndGlobalSection
EndGlobal
